
Microsoft Visual Studio Solution File, Format Version 12.00
# Visual Studio Version 17
VisualStudioVersion = 17.8.34511.84
MinimumVisualStudioVersion = 10.0.40219.1
Project("{FAE04EC0-301F-11D3-BF4B-00C04F79EFBC}") = "ToDoAPI", "ToDoAPI.csproj", "{C29A1406-6830-43C2-8191-CF6C7808A7F9}"
EndProject
Global
	GlobalSection(SolutionConfigurationPlatforms) = preSolution
		Debug|Any CPU = Debug|Any CPU
		Release|Any CPU = Release|Any CPU
	EndGlobalSection
	GlobalSection(ProjectConfigurationPlatforms) = postSolution
		{C29A1406-6830-43C2-8191-CF6C7808A7F9}.Debug|Any CPU.ActiveCfg = Debug|Any CPU
		{C29A1406-6830-43C2-8191-CF6C7808A7F9}.Debug|Any CPU.Build.0 = Debug|Any CPU
		{C29A1406-6830-43C2-8191-CF6C7808A7F9}.Release|Any CPU.ActiveCfg = Release|Any CPU
		{C29A1406-6830-43C2-8191-CF6C7808A7F9}.Release|Any CPU.Build.0 = Release|Any CPU
	EndGlobalSection
	GlobalSection(SolutionProperties) = preSolution
		HideSolutionNode = FALSE
	EndGlobalSection
	GlobalSection(ExtensibilityGlobals) = postSolution
		SolutionGuid = {459B9B00-7534-4A69-816A-917928512C42}
	EndGlobalSection
EndGlobal
